
{
    "dependencies": [ 
    {
        "hash": "9ae086a9ebafabdc49b71bb7f3879f551adee09a",
        "name": "Zefiros-Software/GoogleTest",
        "tag": "master",
        "type": "library",
        "version": "@head"
    }, 
    {
        "hash": "246ee86428758be3d3af1d2c502086eb6036d9fe",
        "name": "Zefiros-Software/GoogleBenchmark",
        "tag": "master",
        "type": "library",
        "version": "@head"
    }],
    "name": "Zefiros-Software/SerLib2"
}